
Microsoft Visual Studio Solution File, Format Version 12.00
# Visual Studio 15
VisualStudioVersion = 15.0.27703.2000
MinimumVisualStudioVersion = 10.0.40219.1
Project("{8BC9CEB8-8B4A-11D0-8D11-00A0C91BC942}") = "Skynet_HK-Aerial", "Skynet_HK-Aerial\Skynet_HK-Aerial.vcxproj", "{EDA62142-CC12-47A2-965C-6FB5F1419953}"
EndProject
Global
	GlobalSection(SolutionConfigurationPlatforms) = preSolution
		Debug|x64 = Debug|x64
		Debug|x86 = Debug|x86
		Release|x64 = Release|x64
		Release|x86 = Release|x86
	EndGlobalSection
	GlobalSection(ProjectConfigurationPlatforms) = postSolution
		{EDA62142-CC12-47A2-965C-6FB5F1419953}.Debug|x64.ActiveCfg = Debug|x64
		{EDA62142-CC12-47A2-965C-6FB5F1419953}.Debug|x64.Build.0 = Debug|x64
		{EDA62142-CC12-47A2-965C-6FB5F1419953}.Debug|x86.ActiveCfg = Debug|Win32
		{EDA62142-CC12-47A2-965C-6FB5F1419953}.Debug|x86.Build.0 = Debug|Win32
		{EDA62142-CC12-47A2-965C-6FB5F1419953}.Release|x64.ActiveCfg = Release|x64
		{EDA62142-CC12-47A2-965C-6FB5F1419953}.Release|x64.Build.0 = Release|x64
		{EDA62142-CC12-47A2-965C-6FB5F1419953}.Release|x86.ActiveCfg = Release|Win32
		{EDA62142-CC12-47A2-965C-6FB5F1419953}.Release|x86.Build.0 = Release|Win32
	EndGlobalSection
	GlobalSection(SolutionProperties) = preSolution
		HideSolutionNode = FALSE
	EndGlobalSection
	GlobalSection(ExtensibilityGlobals) = postSolution
		SolutionGuid = {8C4FFDCD-C1C5-491B-B177-64B3F27B8F19}
	EndGlobalSection
EndGlobal
